
Microsoft Visual Studio Solution File, Format Version 12.00
# Visual Studio 15
VisualStudioVersion = 15.0.27130.2024
MinimumVisualStudioVersion = 10.0.40219.1
Project("{FAE04EC0-301F-11D3-BF4B-00C04F79EFBC}") = "PE6", "PE6\PE6.csproj", "{AE2EF476-6A0A-4451-BBCF-E39E554DCF25}"
EndProject
Global
	GlobalSection(SolutionConfigurationPlatforms) = preSolution
		Debug|x86 = Debug|x86
		Release|x86 = Release|x86
	EndGlobalSection
	GlobalSection(ProjectConfigurationPlatforms) = postSolution
		{AE2EF476-6A0A-4451-BBCF-E39E554DCF25}.Debug|x86.ActiveCfg = Debug|x86
		{AE2EF476-6A0A-4451-BBCF-E39E554DCF25}.Debug|x86.Build.0 = Debug|x86
		{AE2EF476-6A0A-4451-BBCF-E39E554DCF25}.Release|x86.ActiveCfg = Release|x86
		{AE2EF476-6A0A-4451-BBCF-E39E554DCF25}.Release|x86.Build.0 = Release|x86
	EndGlobalSection
	GlobalSection(SolutionProperties) = preSolution
		HideSolutionNode = FALSE
	EndGlobalSection
	GlobalSection(ExtensibilityGlobals) = postSolution
		SolutionGuid = {B62AF4BD-1EFC-468F-8294-2C67FAA8F69A}
	EndGlobalSection
EndGlobal
